
Microsoft Visual Studio Solution File, Format Version 12.00
# Visual Studio Version 16
VisualStudioVersion = 16.0.31702.278
MinimumVisualStudioVersion = 10.0.40219.1
Project("{FAE04EC0-301F-11D3-BF4B-00C04F79EFBC}") = "k1_CodeFirst", "k1_CodeFirst\k1_CodeFirst.csproj", "{7CB1A870-7AE9-4A95-BA81-DFD53691675B}"
EndProject
Project("{FAE04EC0-301F-11D3-BF4B-00C04F79EFBC}") = "k2_CodeFirstWithMigration", "k2_CodeFirstWithMigration\k2_CodeFirstWithMigration.csproj", "{7E630F87-7188-4A92-808F-36BC1D6793D1}"
EndProject
Global
	GlobalSection(SolutionConfigurationPlatforms) = preSolution
		Debug|Any CPU = Debug|Any CPU
		Release|Any CPU = Release|Any CPU
	EndGlobalSection
	GlobalSection(ProjectConfigurationPlatforms) = postSolution
		{7CB1A870-7AE9-4A95-BA81-DFD53691675B}.Debug|Any CPU.ActiveCfg = Debug|Any CPU
		{7CB1A870-7AE9-4A95-BA81-DFD53691675B}.Debug|Any CPU.Build.0 = Debug|Any CPU
		{7CB1A870-7AE9-4A95-BA81-DFD53691675B}.Release|Any CPU.ActiveCfg = Release|Any CPU
		{7CB1A870-7AE9-4A95-BA81-DFD53691675B}.Release|Any CPU.Build.0 = Release|Any CPU
		{7E630F87-7188-4A92-808F-36BC1D6793D1}.Debug|Any CPU.ActiveCfg = Debug|Any CPU
		{7E630F87-7188-4A92-808F-36BC1D6793D1}.Debug|Any CPU.Build.0 = Debug|Any CPU
		{7E630F87-7188-4A92-808F-36BC1D6793D1}.Release|Any CPU.ActiveCfg = Release|Any CPU
		{7E630F87-7188-4A92-808F-36BC1D6793D1}.Release|Any CPU.Build.0 = Release|Any CPU
	EndGlobalSection
	GlobalSection(SolutionProperties) = preSolution
		HideSolutionNode = FALSE
	EndGlobalSection
	GlobalSection(ExtensibilityGlobals) = postSolution
		SolutionGuid = {3E188624-8AD2-42CF-BF3F-5C34FA333C1C}
	EndGlobalSection
EndGlobal
